
Microsoft Visual Studio Solution File, Format Version 12.00
# Visual Studio Version 17
VisualStudioVersion = 17.0.31612.314
MinimumVisualStudioVersion = 10.0.40219.1
Project("{9A19103F-16F7-4668-BE54-9A1E7A4F7556}") = "Bang", "Bang\Bang.csproj", "{171010F5-2D1D-4A37-B2A4-FD905989F5F7}"
EndProject
Project("{9A19103F-16F7-4668-BE54-9A1E7A4F7556}") = "BangServer", "BangServer\BangServer.csproj", "{20A4387E-749D-4AD8-987E-B46B558FC4F3}"
EndProject
Project("{9A19103F-16F7-4668-BE54-9A1E7A4F7556}") = "BangTest", "BangTest\BangTest.csproj", "{6F8F6772-ADFE-49F1-9CB3-13A13B8C2EA7}"
EndProject
Project("{FAE04EC0-301F-11D3-BF4B-00C04F79EFBC}") = "BangModZipper", "BangModZipper\BangModZipper.csproj", "{852186E4-1C98-4DFD-A294-B1B9F2807E32}"
EndProject
Global
	GlobalSection(SolutionConfigurationPlatforms) = preSolution
		Debug|Any CPU = Debug|Any CPU
		Release|Any CPU = Release|Any CPU
	EndGlobalSection
	GlobalSection(ProjectConfigurationPlatforms) = postSolution
		{171010F5-2D1D-4A37-B2A4-FD905989F5F7}.Debug|Any CPU.ActiveCfg = Debug|Any CPU
		{171010F5-2D1D-4A37-B2A4-FD905989F5F7}.Debug|Any CPU.Build.0 = Debug|Any CPU
		{171010F5-2D1D-4A37-B2A4-FD905989F5F7}.Release|Any CPU.ActiveCfg = Release|Any CPU
		{171010F5-2D1D-4A37-B2A4-FD905989F5F7}.Release|Any CPU.Build.0 = Release|Any CPU
		{20A4387E-749D-4AD8-987E-B46B558FC4F3}.Debug|Any CPU.ActiveCfg = Debug|Any CPU
		{20A4387E-749D-4AD8-987E-B46B558FC4F3}.Debug|Any CPU.Build.0 = Debug|Any CPU
		{20A4387E-749D-4AD8-987E-B46B558FC4F3}.Release|Any CPU.ActiveCfg = Release|Any CPU
		{20A4387E-749D-4AD8-987E-B46B558FC4F3}.Release|Any CPU.Build.0 = Release|Any CPU
		{6F8F6772-ADFE-49F1-9CB3-13A13B8C2EA7}.Debug|Any CPU.ActiveCfg = Debug|Any CPU
		{6F8F6772-ADFE-49F1-9CB3-13A13B8C2EA7}.Debug|Any CPU.Build.0 = Debug|Any CPU
		{6F8F6772-ADFE-49F1-9CB3-13A13B8C2EA7}.Release|Any CPU.ActiveCfg = Release|Any CPU
		{6F8F6772-ADFE-49F1-9CB3-13A13B8C2EA7}.Release|Any CPU.Build.0 = Release|Any CPU
		{852186E4-1C98-4DFD-A294-B1B9F2807E32}.Debug|Any CPU.ActiveCfg = Debug|Any CPU
		{852186E4-1C98-4DFD-A294-B1B9F2807E32}.Debug|Any CPU.Build.0 = Debug|Any CPU
		{852186E4-1C98-4DFD-A294-B1B9F2807E32}.Release|Any CPU.ActiveCfg = Release|Any CPU
		{852186E4-1C98-4DFD-A294-B1B9F2807E32}.Release|Any CPU.Build.0 = Release|Any CPU
	EndGlobalSection
	GlobalSection(SolutionProperties) = preSolution
		HideSolutionNode = FALSE
	EndGlobalSection
	GlobalSection(ExtensibilityGlobals) = postSolution
		SolutionGuid = {D10BD61C-B31C-492D-8AF6-D88C6B5947EE}
	EndGlobalSection
EndGlobal
