
Microsoft Visual Studio Solution File, Format Version 12.00
# Visual Studio Version 17
VisualStudioVersion = 17.0.31612.314
MinimumVisualStudioVersion = 10.0.40219.1
Project("{9A19103F-16F7-4668-BE54-9A1E7A4F7556}") = "BangClient", "BangClient\BangClient.csproj", "{43FB923D-0AE8-4097-BF1D-52BBA4F5382E}"
EndProject
Project("{9A19103F-16F7-4668-BE54-9A1E7A4F7556}") = "BangLib", "BangLib\BangLib.csproj", "{4C2C9B51-8A03-45C7-9A03-FCCD60D2246B}"
EndProject
Project("{9A19103F-16F7-4668-BE54-9A1E7A4F7556}") = "Bang", "Bang\Bang.csproj", "{6383B4EF-0889-4C54-B790-F86AD99A09E4}"
EndProject
Project("{9A19103F-16F7-4668-BE54-9A1E7A4F7556}") = "BangModZipper", "BangModZipper\BangModZipper.csproj", "{F2420AB5-CFE5-427C-8D56-463A403AFA03}"
EndProject
Project("{9A19103F-16F7-4668-BE54-9A1E7A4F7556}") = "BangTest", "BangTest\BangTest.csproj", "{B2A4609D-0230-4C6C-81A2-C4B52D1B0EA7}"
EndProject
Project("{9A19103F-16F7-4668-BE54-9A1E7A4F7556}") = "BangServer", "BangServer\BangServer.csproj", "{A0AA3D0F-36B9-4DF8-BDE8-9E5B8AF67215}"
EndProject
Global
	GlobalSection(SolutionConfigurationPlatforms) = preSolution
		Debug|Any CPU = Debug|Any CPU
		Release|Any CPU = Release|Any CPU
	EndGlobalSection
	GlobalSection(ProjectConfigurationPlatforms) = postSolution
		{43FB923D-0AE8-4097-BF1D-52BBA4F5382E}.Debug|Any CPU.ActiveCfg = Debug|Any CPU
		{43FB923D-0AE8-4097-BF1D-52BBA4F5382E}.Debug|Any CPU.Build.0 = Debug|Any CPU
		{43FB923D-0AE8-4097-BF1D-52BBA4F5382E}.Release|Any CPU.ActiveCfg = Release|Any CPU
		{43FB923D-0AE8-4097-BF1D-52BBA4F5382E}.Release|Any CPU.Build.0 = Release|Any CPU
		{4C2C9B51-8A03-45C7-9A03-FCCD60D2246B}.Debug|Any CPU.ActiveCfg = Debug|Any CPU
		{4C2C9B51-8A03-45C7-9A03-FCCD60D2246B}.Debug|Any CPU.Build.0 = Debug|Any CPU
		{4C2C9B51-8A03-45C7-9A03-FCCD60D2246B}.Release|Any CPU.ActiveCfg = Release|Any CPU
		{4C2C9B51-8A03-45C7-9A03-FCCD60D2246B}.Release|Any CPU.Build.0 = Release|Any CPU
		{6383B4EF-0889-4C54-B790-F86AD99A09E4}.Debug|Any CPU.ActiveCfg = Debug|Any CPU
		{6383B4EF-0889-4C54-B790-F86AD99A09E4}.Debug|Any CPU.Build.0 = Debug|Any CPU
		{6383B4EF-0889-4C54-B790-F86AD99A09E4}.Release|Any CPU.ActiveCfg = Release|Any CPU
		{6383B4EF-0889-4C54-B790-F86AD99A09E4}.Release|Any CPU.Build.0 = Release|Any CPU
		{F2420AB5-CFE5-427C-8D56-463A403AFA03}.Debug|Any CPU.ActiveCfg = Debug|Any CPU
		{F2420AB5-CFE5-427C-8D56-463A403AFA03}.Debug|Any CPU.Build.0 = Debug|Any CPU
		{F2420AB5-CFE5-427C-8D56-463A403AFA03}.Release|Any CPU.ActiveCfg = Release|Any CPU
		{F2420AB5-CFE5-427C-8D56-463A403AFA03}.Release|Any CPU.Build.0 = Release|Any CPU
		{B2A4609D-0230-4C6C-81A2-C4B52D1B0EA7}.Debug|Any CPU.ActiveCfg = Debug|Any CPU
		{B2A4609D-0230-4C6C-81A2-C4B52D1B0EA7}.Debug|Any CPU.Build.0 = Debug|Any CPU
		{B2A4609D-0230-4C6C-81A2-C4B52D1B0EA7}.Release|Any CPU.ActiveCfg = Release|Any CPU
		{B2A4609D-0230-4C6C-81A2-C4B52D1B0EA7}.Release|Any CPU.Build.0 = Release|Any CPU
		{A0AA3D0F-36B9-4DF8-BDE8-9E5B8AF67215}.Debug|Any CPU.ActiveCfg = Debug|Any CPU
		{A0AA3D0F-36B9-4DF8-BDE8-9E5B8AF67215}.Debug|Any CPU.Build.0 = Debug|Any CPU
		{A0AA3D0F-36B9-4DF8-BDE8-9E5B8AF67215}.Release|Any CPU.ActiveCfg = Release|Any CPU
		{A0AA3D0F-36B9-4DF8-BDE8-9E5B8AF67215}.Release|Any CPU.Build.0 = Release|Any CPU
	EndGlobalSection
	GlobalSection(SolutionProperties) = preSolution
		HideSolutionNode = FALSE
	EndGlobalSection
	GlobalSection(ExtensibilityGlobals) = postSolution
		SolutionGuid = {D10BD61C-B31C-492D-8AF6-D88C6B5947EE}
	EndGlobalSection
EndGlobal
